// !$*UTF8*$!
{
	archiveVersion = 1;
	classes = {
	};
	objectVersion = 46;
	objects = {

/* Begin PBXBuildFile section */
		2242F68319900A08004DCAC6 /* lines_button.png in Resources */ = {isa = PBXBuildFile; fileRef = 2242F68119900A08004DCAC6 /* lines_button.png */; };
		2242F68419900A08004DCAC6 /* scribble_button.png in Resources */ = {isa = PBXBuildFile; fileRef = 2242F68219900A08004DCAC6 /* scribble_button.png */; };
		2242F68719903962004DCAC6 /* SCRSliderView.m in Sources */ = {isa = PBXBuildFile; fileRef = 2242F68619903962004DCAC6 /* SCRSliderView.m */; };
		22A7632A198FBF5E0068CDEF /* Foundation.framework in Frameworks */ = {isa = PBXBuildFile; fileRef = 22A76329198FBF5E0068CDEF /* Foundation.framework */; };
		22A7632C198FBF5E0068CDEF /* CoreGraphics.framework in Frameworks */ = {isa = PBXBuildFile; fileRef = 22A7632B198FBF5E0068CDEF /* CoreGraphics.framework */; };
		22A7632E198FBF5E0068CDEF /* UIKit.framework in Frameworks */ = {isa = PBXBuildFile; fileRef = 22A7632D198FBF5E0068CDEF /* UIKit.framework */; };
		22A76334198FBF5E0068CDEF /* InfoPlist.strings in Resources */ = {isa = PBXBuildFile; fileRef = 22A76332198FBF5E0068CDEF /* InfoPlist.strings */; };
		22A76336198FBF5E0068CDEF /* main.m in Sources */ = {isa = PBXBuildFile; fileRef = 22A76335198FBF5E0068CDEF /* main.m */; };
		22A7633A198FBF5E0068CDEF /* SCRAppDelegate.m in Sources */ = {isa = PBXBuildFile; fileRef = 22A76339198FBF5E0068CDEF /* SCRAppDelegate.m */; };
		22A7633C198FBF5E0068CDEF /* Images.xcassets in Resources */ = {isa = PBXBuildFile; fileRef = 22A7633B198FBF5E0068CDEF /* Images.xcassets */; };
		22A76343198FBF5F0068CDEF /* XCTest.framework in Frameworks */ = {isa = PBXBuildFile; fileRef = 22A76342198FBF5F0068CDEF /* XCTest.framework */; };
		22A76344198FBF5F0068CDEF /* Foundation.framework in Frameworks */ = {isa = PBXBuildFile; fileRef = 22A76329198FBF5E0068CDEF /* Foundation.framework */; };
		22A76345198FBF5F0068CDEF /* UIKit.framework in Frameworks */ = {isa = PBXBuildFile; fileRef = 22A7632D198FBF5E0068CDEF /* UIKit.framework */; };
		22A7634D198FBF5F0068CDEF /* InfoPlist.strings in Resources */ = {isa = PBXBuildFile; fileRef = 22A7634B198FBF5F0068CDEF /* InfoPlist.strings */; };
		22A7634F198FBF5F0068CDEF /* ScribblesTests.m in Sources */ = {isa = PBXBuildFile; fileRef = 22A7634E198FBF5F0068CDEF /* ScribblesTests.m */; };
		22A7635B198FBFB70068CDEF /* SCRDrawViewController.m in Sources */ = {isa = PBXBuildFile; fileRef = 22A7635A198FBFB70068CDEF /* SCRDrawViewController.m */; };
		22A7635F198FC00C0068CDEF /* SCRDrawView.m in Sources */ = {isa = PBXBuildFile; fileRef = 22A7635E198FC00C0068CDEF /* SCRDrawView.m */; };
/* End PBXBuildFile section */

/* Begin PBXContainerItemProxy section */
		22A76346198FBF5F0068CDEF /* PBXContainerItemProxy */ = {
			isa = PBXContainerItemProxy;
			containerPortal = 22A7631E198FBF5E0068CDEF /* Project object */;
			proxyType = 1;
			remoteGlobalIDString = 22A76325198FBF5E0068CDEF;
			remoteInfo = Scribbles;
		};
/* End PBXContainerItemProxy section */

/* Begin PBXFileReference section */
		2242F68119900A08004DCAC6 /* lines_button.png */ = {isa = PBXFileReference; lastKnownFileType = image.png; path = lines_button.png; sourceTree = "<group>"; };
		2242F68219900A08004DCAC6 /* scribble_button.png */ = {isa = PBXFileReference; lastKnownFileType = image.png; path = scribble_button.png; sourceTree = "<group>"; };
		2242F68519903962004DCAC6 /* SCRSliderView.h */ = {isa = PBXFileReference; fileEncoding = 4; lastKnownFileType = sourcecode.c.h; path = SCRSliderView.h; sourceTree = "<group>"; };
		2242F68619903962004DCAC6 /* SCRSliderView.m */ = {isa = PBXFileReference; fileEncoding = 4; lastKnownFileType = sourcecode.c.objc; path = SCRSliderView.m; sourceTree = "<group>"; };
		22A76326198FBF5E0068CDEF /* Scribbles.app */ = {isa = PBXFileReference; explicitFileType = wrapper.application; includeInIndex = 0; path = Scribbles.app; sourceTree = BUILT_PRODUCTS_DIR; };
		22A76329198FBF5E0068CDEF /* Foundation.framework */ = {isa = PBXFileReference; lastKnownFileType = wrapper.framework; name = Foundation.framework; path = System/Library/Frameworks/Foundation.framework; sourceTree = SDKROOT; };
		22A7632B198FBF5E0068CDEF /* CoreGraphics.framework */ = {isa = PBXFileReference; lastKnownFileType = wrapper.framework; name = CoreGraphics.framework; path = System/Library/Frameworks/CoreGraphics.framework; sourceTree = SDKROOT; };
		22A7632D198FBF5E0068CDEF /* UIKit.framework */ = {isa = PBXFileReference; lastKnownFileType = wrapper.framework; name = UIKit.framework; path = System/Library/Frameworks/UIKit.framework; sourceTree = SDKROOT; };
		22A76331198FBF5E0068CDEF /* Scribbles-Info.plist */ = {isa = PBXFileReference; lastKnownFileType = text.plist.xml; path = "Scribbles-Info.plist"; sourceTree = "<group>"; };
		22A76333198FBF5E0068CDEF /* en */ = {isa = PBXFileReference; lastKnownFileType = text.plist.strings; name = en; path = en.lproj/InfoPlist.strings; sourceTree = "<group>"; };
		22A76335198FBF5E0068CDEF /* main.m */ = {isa = PBXFileReference; lastKnownFileType = sourcecode.c.objc; path = main.m; sourceTree = "<group>"; };
		22A76337198FBF5E0068CDEF /* Scribbles-Prefix.pch */ = {isa = PBXFileReference; lastKnownFileType = sourcecode.c.h; path = "Scribbles-Prefix.pch"; sourceTree = "<group>"; };
		22A76338198FBF5E0068CDEF /* SCRAppDelegate.h */ = {isa = PBXFileReference; lastKnownFileType = sourcecode.c.h; path = SCRAppDelegate.h; sourceTree = "<group>"; };
		22A76339198FBF5E0068CDEF /* SCRAppDelegate.m */ = {isa = PBXFileReference; lastKnownFileType = sourcecode.c.objc; path = SCRAppDelegate.m; sourceTree = "<group>"; };
		22A7633B198FBF5E0068CDEF /* Images.xcassets */ = {isa = PBXFileReference; lastKnownFileType = folder.assetcatalog; path = Images.xcassets; sourceTree = "<group>"; };
		22A76341198FBF5F0068CDEF /* ScribblesTests.xctest */ = {isa = PBXFileReference; explicitFileType = wrapper.cfbundle; includeInIndex = 0; path = ScribblesTests.xctest; sourceTree = BUILT_PRODUCTS_DIR; };
		22A76342198FBF5F0068CDEF /* XCTest.framework */ = {isa = PBXFileReference; lastKnownFileType = wrapper.framework; name = XCTest.framework; path = Library/Frameworks/XCTest.framework; sourceTree = DEVELOPER_DIR; };
		22A7634A198FBF5F0068CDEF /* ScribblesTests-Info.plist */ = {isa = PBXFileReference; lastKnownFileType = text.plist.xml; path = "ScribblesTests-Info.plist"; sourceTree = "<group>"; };
		22A7634C198FBF5F0068CDEF /* en */ = {isa = PBXFileReference; lastKnownFileType = text.plist.strings; name = en; path = en.lproj/InfoPlist.strings; sourceTree = "<group>"; };
		22A7634E198FBF5F0068CDEF /* ScribblesTests.m */ = {isa = PBXFileReference; lastKnownFileType = sourcecode.c.objc; path = ScribblesTests.m; sourceTree = "<group>"; };
		22A76359198FBFB70068CDEF /* SCRDrawViewController.h */ = {isa = PBXFileReference; fileEncoding = 4; lastKnownFileType = sourcecode.c.h; name = SCRDrawViewController.h; path = ../../SCRDrawViewController.h; sourceTree = "<group>"; };
		22A7635A198FBFB70068CDEF /* SCRDrawViewController.m */ = {isa = PBXFileReference; fileEncoding = 4; lastKnownFileType = sourcecode.c.objc; name = SCRDrawViewController.m; path = ../../SCRDrawViewController.m; sourceTree = "<group>"; };
		22A7635D198FC00C0068CDEF /* SCRDrawView.h */ = {isa = PBXFileReference; fileEncoding = 4; lastKnownFileType = sourcecode.c.h; path = SCRDrawView.h; sourceTree = "<group>"; };
		22A7635E198FC00C0068CDEF /* SCRDrawView.m */ = {isa = PBXFileReference; fileEncoding = 4; lastKnownFileType = sourcecode.c.objc; path = SCRDrawView.m; sourceTree = "<group>"; };
/* End PBXFileReference section */

/* Begin PBXFrameworksBuildPhase section */
		22A76323198FBF5E0068CDEF /* Frameworks */ = {
			isa = PBXFrameworksBuildPhase;
			buildActionMask = 2147483647;
			files = (
				22A7632C198FBF5E0068CDEF /* CoreGraphics.framework in Frameworks */,
				22A7632E198FBF5E0068CDEF /* UIKit.framework in Frameworks */,
				22A7632A198FBF5E0068CDEF /* Foundation.framework in Frameworks */,
			);
			runOnlyForDeploymentPostprocessing = 0;
		};
		22A7633E198FBF5F0068CDEF /* Frameworks */ = {
			isa = PBXFrameworksBuildPhase;
			buildActionMask = 2147483647;
			files = (
				22A76343198FBF5F0068CDEF /* XCTest.framework in Frameworks */,
				22A76345198FBF5F0068CDEF /* UIKit.framework in Frameworks */,
				22A76344198FBF5F0068CDEF /* Foundation.framework in Frameworks */,
			);
			runOnlyForDeploymentPostprocessing = 0;
		};
/* End PBXFrameworksBuildPhase section */

/* Begin PBXGroup section */
		2242F680199009E1004DCAC6 /* Images */ = {
			isa = PBXGroup;
			children = (
				2242F68119900A08004DCAC6 /* lines_button.png */,
				2242F68219900A08004DCAC6 /* scribble_button.png */,
			);
			name = Images;
			sourceTree = "<group>";
		};
		22A7631D198FBF5E0068CDEF = {
			isa = PBXGroup;
			children = (
				22A7632F198FBF5E0068CDEF /* Scribbles */,
				22A76348198FBF5F0068CDEF /* ScribblesTests */,
				22A76328198FBF5E0068CDEF /* Frameworks */,
				22A76327198FBF5E0068CDEF /* Products */,
			);
			sourceTree = "<group>";
		};
		22A76327198FBF5E0068CDEF /* Products */ = {
			isa = PBXGroup;
			children = (
				22A76326198FBF5E0068CDEF /* Scribbles.app */,
				22A76341198FBF5F0068CDEF /* ScribblesTests.xctest */,
			);
			name = Products;
			sourceTree = "<group>";
		};
		22A76328198FBF5E0068CDEF /* Frameworks */ = {
			isa = PBXGroup;
			children = (
				22A76329198FBF5E0068CDEF /* Foundation.framework */,
				22A7632B198FBF5E0068CDEF /* CoreGraphics.framework */,
				22A7632D198FBF5E0068CDEF /* UIKit.framework */,
				22A76342198FBF5F0068CDEF /* XCTest.framework */,
			);
			name = Frameworks;
			sourceTree = "<group>";
		};
		22A7632F198FBF5E0068CDEF /* Scribbles */ = {
			isa = PBXGroup;
			children = (
				22A76358198FBF840068CDEF /* Controllers */,
				22A7635C198FBFC70068CDEF /* Draw Views */,
				22A7633B198FBF5E0068CDEF /* Images.xcassets */,
				2242F680199009E1004DCAC6 /* Images */,
				22A76330198FBF5E0068CDEF /* Supporting Files */,
			);
			path = Scribbles;
			sourceTree = "<group>";
		};
		22A76330198FBF5E0068CDEF /* Supporting Files */ = {
			isa = PBXGroup;
			children = (
				22A76338198FBF5E0068CDEF /* SCRAppDelegate.h */,
				22A76339198FBF5E0068CDEF /* SCRAppDelegate.m */,
				22A76331198FBF5E0068CDEF /* Scribbles-Info.plist */,
				22A76332198FBF5E0068CDEF /* InfoPlist.strings */,
				22A76335198FBF5E0068CDEF /* main.m */,
				22A76337198FBF5E0068CDEF /* Scribbles-Prefix.pch */,
			);
			name = "Supporting Files";
			sourceTree = "<group>";
		};
		22A76348198FBF5F0068CDEF /* ScribblesTests */ = {
			isa = PBXGroup;
			children = (
				22A7634E198FBF5F0068CDEF /* ScribblesTests.m */,
				22A76349198FBF5F0068CDEF /* Supporting Files */,
			);
			path = ScribblesTests;
			sourceTree = "<group>";
		};
		22A76349198FBF5F0068CDEF /* Supporting Files */ = {
			isa = PBXGroup;
			children = (
				22A7634A198FBF5F0068CDEF /* ScribblesTests-Info.plist */,
				22A7634B198FBF5F0068CDEF /* InfoPlist.strings */,
			);
			name = "Supporting Files";
			sourceTree = "<group>";
		};
		22A76358198FBF840068CDEF /* Controllers */ = {
			isa = PBXGroup;
			children = (
				22A76359198FBFB70068CDEF /* SCRDrawViewController.h */,
				22A7635A198FBFB70068CDEF /* SCRDrawViewController.m */,
				2242F68519903962004DCAC6 /* SCRSliderView.h */,
				2242F68619903962004DCAC6 /* SCRSliderView.m */,
			);
			name = Controllers;
			sourceTree = "<group>";
		};
		22A7635C198FBFC70068CDEF /* Draw Views */ = {
			isa = PBXGroup;
			children = (
				22A7635D198FC00C0068CDEF /* SCRDrawView.h */,
				22A7635E198FC00C0068CDEF /* SCRDrawView.m */,
			);
			name = "Draw Views";
			sourceTree = "<group>";
		};
/* End PBXGroup section */

/* Begin PBXNativeTarget section */
		22A76325198FBF5E0068CDEF /* Scribbles */ = {
			isa = PBXNativeTarget;
			buildConfigurationList = 22A76352198FBF5F0068CDEF /* Build configuration list for PBXNativeTarget "Scribbles" */;
			buildPhases = (
				22A76322198FBF5E0068CDEF /* Sources */,
				22A76323198FBF5E0068CDEF /* Frameworks */,
				22A76324198FBF5E0068CDEF /* Resources */,
			);
			buildRules = (
			);
			dependencies = (
			);
			name = Scribbles;
			productName = Scribbles;
			productReference = 22A76326198FBF5E0068CDEF /* Scribbles.app */;
			productType = "com.apple.product-type.application";
		};
		22A76340198FBF5F0068CDEF /* ScribblesTests */ = {
			isa = PBXNativeTarget;
			buildConfigurationList = 22A76355198FBF5F0068CDEF /* Build configuration list for PBXNativeTarget "ScribblesTests" */;
			buildPhases = (
				22A7633D198FBF5F0068CDEF /* Sources */,
				22A7633E198FBF5F0068CDEF /* Frameworks */,
				22A7633F198FBF5F0068CDEF /* Resources */,
			);
			buildRules = (
			);
			dependencies = (
				22A76347198FBF5F0068CDEF /* PBXTargetDependency */,
			);
			name = ScribblesTests;
			productName = ScribblesTests;
			productReference = 22A76341198FBF5F0068CDEF /* ScribblesTests.xctest */;
			productType = "com.apple.product-type.bundle.unit-test";
		};
/* End PBXNativeTarget section */

/* Begin PBXProject section */
		22A7631E198FBF5E0068CDEF /* Project object */ = {
			isa = PBXProject;
			attributes = {
				CLASSPREFIX = SCR;
				LastUpgradeCheck = 0510;
				ORGANIZATIONNAME = "Merritt Tidwell";
				TargetAttributes = {
					22A76340198FBF5F0068CDEF = {
						TestTargetID = 22A76325198FBF5E0068CDEF;
					};
				};
			};
			buildConfigurationList = 22A76321198FBF5E0068CDEF /* Build configuration list for PBXProject "Scribbles" */;
			compatibilityVersion = "Xcode 3.2";
			developmentRegion = English;
			hasScannedForEncodings = 0;
			knownRegions = (
				en,
			);
			mainGroup = 22A7631D198FBF5E0068CDEF;
			productRefGroup = 22A76327198FBF5E0068CDEF /* Products */;
			projectDirPath = "";
			projectRoot = "";
			targets = (
				22A76325198FBF5E0068CDEF /* Scribbles */,
				22A76340198FBF5F0068CDEF /* ScribblesTests */,
			);
		};
/* End PBXProject section */

/* Begin PBXResourcesBuildPhase section */
		22A76324198FBF5E0068CDEF /* Resources */ = {
			isa = PBXResourcesBuildPhase;
			buildActionMask = 2147483647;
			files = (
				22A76334198FBF5E0068CDEF /* InfoPlist.strings in Resources */,
				2242F68319900A08004DCAC6 /* lines_button.png in Resources */,
				22A7633C198FBF5E0068CDEF /* Images.xcassets in Resources */,
				2242F68419900A08004DCAC6 /* scribble_button.png in Resources */,
			);
			runOnlyForDeploymentPostprocessing = 0;
		};
		22A7633F198FBF5F0068CDEF /* Resources */ = {
			isa = PBXResourcesBuildPhase;
			buildActionMask = 2147483647;
			files = (
				22A7634D198FBF5F0068CDEF /* InfoPlist.strings in Resources */,
			);
			runOnlyForDeploymentPostprocessing = 0;
		};
/* End PBXResourcesBuildPhase section */

/* Begin PBXSourcesBuildPhase section */
		22A76322198FBF5E0068CDEF /* Sources */ = {
			isa = PBXSourcesBuildPhase;
			buildActionMask = 2147483647;
			files = (
				22A76336198FBF5E0068CDEF /* main.m in Sources */,
				22A7635F198FC00C0068CDEF /* SCRDrawView.m in Sources */,
				2242F68719903962004DCAC6 /* SCRSliderView.m in Sources */,
				22A7635B198FBFB70068CDEF /* SCRDrawViewController.m in Sources */,
				22A7633A198FBF5E0068CDEF /* SCRAppDelegate.m in Sources */,
			);
			runOnlyForDeploymentPostprocessing = 0;
		};
		22A7633D198FBF5F0068CDEF /* Sources */ = {
			isa = PBXSourcesBuildPhase;
			buildActionMask = 2147483647;
			files = (
				22A7634F198FBF5F0068CDEF /* ScribblesTests.m in Sources */,
			);
			runOnlyForDeploymentPostprocessing = 0;
		};
/* End PBXSourcesBuildPhase section */

/* Begin PBXTargetDependency section */
		22A76347198FBF5F0068CDEF /* PBXTargetDependency */ = {
			isa = PBXTargetDependency;
			target = 22A76325198FBF5E0068CDEF /* Scribbles */;
			targetProxy = 22A76346198FBF5F0068CDEF /* PBXContainerItemProxy */;
		};
/* End PBXTargetDependency section */

/* Begin PBXVariantGroup section */
		22A76332198FBF5E0068CDEF /* InfoPlist.strings */ = {
			isa = PBXVariantGroup;
			children = (
				22A76333198FBF5E0068CDEF /* en */,
			);
			name = InfoPlist.strings;
			sourceTree = "<group>";
		};
		22A7634B198FBF5F0068CDEF /* InfoPlist.strings */ = {
			isa = PBXVariantGroup;
			children = (
				22A7634C198FBF5F0068CDEF /* en */,
			);
			name = InfoPlist.strings;
			sourceTree = "<group>";
		};
/* End PBXVariantGroup section */

/* Begin XCBuildConfiguration section */
		22A76350198FBF5F0068CDEF /* Debug */ = {
			isa = XCBuildConfiguration;
			buildSettings = {
				ALWAYS_SEARCH_USER_PATHS = NO;
				CLANG_CXX_LANGUAGE_STANDARD = "gnu++0x";
				CLANG_CXX_LIBRARY = "libc++";
				CLANG_ENABLE_MODULES = YES;
				CLANG_ENABLE_OBJC_ARC = YES;
				CLANG_WARN_BOOL_CONVERSION = YES;
				CLANG_WARN_CONSTANT_CONVERSION = YES;
				CLANG_WARN_DIRECT_OBJC_ISA_USAGE = YES_ERROR;
				CLANG_WARN_EMPTY_BODY = YES;
				CLANG_WARN_ENUM_CONVERSION = YES;
				CLANG_WARN_INT_CONVERSION = YES;
				CLANG_WARN_OBJC_ROOT_CLASS = YES_ERROR;
				CLANG_WARN__DUPLICATE_METHOD_MATCH = YES;
				"CODE_SIGN_IDENTITY[sdk=iphoneos*]" = "iPhone Developer";
				COPY_PHASE_STRIP = NO;
				GCC_C_LANGUAGE_STANDARD = gnu99;
				GCC_DYNAMIC_NO_PIC = NO;
				GCC_OPTIMIZATION_LEVEL = 0;
				GCC_PREPROCESSOR_DEFINITIONS = (
					"DEBUG=1",
					"$(inherited)",
				);
				GCC_SYMBOLS_PRIVATE_EXTERN = NO;
				GCC_WARN_64_TO_32_BIT_CONVERSION = YES;
				GCC_WARN_ABOUT_RETURN_TYPE = YES_ERROR;
				GCC_WARN_UNDECLARED_SELECTOR = YES;
				GCC_WARN_UNINITIALIZED_AUTOS = YES_AGGRESSIVE;
				GCC_WARN_UNUSED_FUNCTION = YES;
				GCC_WARN_UNUSED_VARIABLE = YES;
				IPHONEOS_DEPLOYMENT_TARGET = 7.1;
				ONLY_ACTIVE_ARCH = YES;
				SDKROOT = iphoneos;
			};
			name = Debug;
		};
		22A76351198FBF5F0068CDEF /* Release */ = {
			isa = XCBuildConfiguration;
			buildSettings = {
				ALWAYS_SEARCH_USER_PATHS = NO;
				CLANG_CXX_LANGUAGE_STANDARD = "gnu++0x";
				CLANG_CXX_LIBRARY = "libc++";
				CLANG_ENABLE_MODULES = YES;
				CLANG_ENABLE_OBJC_ARC = YES;
				CLANG_WARN_BOOL_CONVERSION = YES;
				CLANG_WARN_CONSTANT_CONVERSION = YES;
				CLANG_WARN_DIRECT_OBJC_ISA_USAGE = YES_ERROR;
				CLANG_WARN_EMPTY_BODY = YES;
				CLANG_WARN_ENUM_CONVERSION = YES;
				CLANG_WARN_INT_CONVERSION = YES;
				CLANG_WARN_OBJC_ROOT_CLASS = YES_ERROR;
				CLANG_WARN__DUPLICATE_METHOD_MATCH = YES;
				"CODE_SIGN_IDENTITY[sdk=iphoneos*]" = "iPhone Developer";
				COPY_PHASE_STRIP = YES;
				ENABLE_NS_ASSERTIONS = NO;
				GCC_C_LANGUAGE_STANDARD = gnu99;
				GCC_WARN_64_TO_32_BIT_CONVERSION = YES;
				GCC_WARN_ABOUT_RETURN_TYPE = YES_ERROR;
				GCC_WARN_UNDECLARED_SELECTOR = YES;
				GCC_WARN_UNINITIALIZED_AUTOS = YES_AGGRESSIVE;
				GCC_WARN_UNUSED_FUNCTION = YES;
				GCC_WARN_UNUSED_VARIABLE = YES;
				IPHONEOS_DEPLOYMENT_TARGET = 7.1;
				SDKROOT = iphoneos;
				VALIDATE_PRODUCT = YES;
			};
			name = Release;
		};
		22A76353198FBF5F0068CDEF /* Debug */ = {
			isa = XCBuildConfiguration;
			buildSettings = {
				ASSETCATALOG_COMPILER_APPICON_NAME = AppIcon;
				ASSETCATALOG_COMPILER_LAUNCHIMAGE_NAME = LaunchImage;
				GCC_PRECOMPILE_PREFIX_HEADER = YES;
				GCC_PREFIX_HEADER = "Scribbles/Scribbles-Prefix.pch";
				INFOPLIST_FILE = "Scribbles/Scribbles-Info.plist";
				PRODUCT_NAME = "$(TARGET_NAME)";
				WRAPPER_EXTENSION = app;
			};
			name = Debug;
		};
		22A76354198FBF5F0068CDEF /* Release */ = {
			isa = XCBuildConfiguration;
			buildSettings = {
				ASSETCATALOG_COMPILER_APPICON_NAME = AppIcon;
				ASSETCATALOG_COMPILER_LAUNCHIMAGE_NAME = LaunchImage;
				GCC_PRECOMPILE_PREFIX_HEADER = YES;
				GCC_PREFIX_HEADER = "Scribbles/Scribbles-Prefix.pch";
				INFOPLIST_FILE = "Scribbles/Scribbles-Info.plist";
				PRODUCT_NAME = "$(TARGET_NAME)";
				WRAPPER_EXTENSION = app;
			};
			name = Release;
		};
		22A76356198FBF5F0068CDEF /* Debug */ = {
			isa = XCBuildConfiguration;
			buildSettings = {
				BUNDLE_LOADER = "$(BUILT_PRODUCTS_DIR)/Scribbles.app/Scribbles";
				FRAMEWORK_SEARCH_PATHS = (
					"$(SDKROOT)/Developer/Library/Frameworks",
					"$(inherited)",
					"$(DEVELOPER_FRAMEWORKS_DIR)",
				);
				GCC_PRECOMPILE_PREFIX_HEADER = YES;
				GCC_PREFIX_HEADER = "Scribbles/Scribbles-Prefix.pch";
				GCC_PREPROCESSOR_DEFINITIONS = (
					"DEBUG=1",
					"$(inherited)",
				);
				INFOPLIST_FILE = "ScribblesTests/ScribblesTests-Info.plist";
				PRODUCT_NAME = "$(TARGET_NAME)";
				TEST_HOST = "$(BUNDLE_LOADER)";
				WRAPPER_EXTENSION = xctest;
			};
			name = Debug;
		};
		22A76357198FBF5F0068CDEF /* Release */ = {
			isa = XCBuildConfiguration;
			buildSettings = {
				BUNDLE_LOADER = "$(BUILT_PRODUCTS_DIR)/Scribbles.app/Scribbles";
				FRAMEWORK_SEARCH_PATHS = (
					"$(SDKROOT)/Developer/Library/Frameworks",
					"$(inherited)",
					"$(DEVELOPER_FRAMEWORKS_DIR)",
				);
				GCC_PRECOMPILE_PREFIX_HEADER = YES;
				GCC_PREFIX_HEADER = "Scribbles/Scribbles-Prefix.pch";
				INFOPLIST_FILE = "ScribblesTests/ScribblesTests-Info.plist";
				PRODUCT_NAME = "$(TARGET_NAME)";
				TEST_HOST = "$(BUNDLE_LOADER)";
				WRAPPER_EXTENSION = xctest;
			};
			name = Release;
		};
/* End XCBuildConfiguration section */

/* Begin XCConfigurationList section */
		22A76321198FBF5E0068CDEF /* Build configuration list for PBXProject "Scribbles" */ = {
			isa = XCConfigurationList;
			buildConfigurations = (
				22A76350198FBF5F0068CDEF /* Debug */,
				22A76351198FBF5F0068CDEF /* Release */,
			);
			defaultConfigurationIsVisible = 0;
			defaultConfigurationName = Release;
		};
		22A76352198FBF5F0068CDEF /* Build configuration list for PBXNativeTarget "Scribbles" */ = {
			isa = XCConfigurationList;
			buildConfigurations = (
				22A76353198FBF5F0068CDEF /* Debug */,
				22A76354198FBF5F0068CDEF /* Release */,
			);
			defaultConfigurationIsVisible = 0;
			defaultConfigurationName = Release;
		};
		22A76355198FBF5F0068CDEF /* Build configuration list for PBXNativeTarget "ScribblesTests" */ = {
			isa = XCConfigurationList;
			buildConfigurations = (
				22A76356198FBF5F0068CDEF /* Debug */,
				22A76357198FBF5F0068CDEF /* Release */,
			);
			defaultConfigurationIsVisible = 0;
			defaultConfigurationName = Release;
		};
/* End XCConfigurationList section */
	};
	rootObject = 22A7631E198FBF5E0068CDEF /* Project object */;
}
